lockfileVersion: '9.0'

settings:
  autoInstallPeers: true
  excludeLinksFromLockfile: false

overrides:
  viem: 2.40.3
  wagmi: 2.19.5

importers:

  .:
    devDependencies:
      prettier:
        specifier: 3.5.2
        version: 3.5.2
      turbo:
        specifier: ^2.5.0
        version: 2.6.2

packages:

  prettier@3.5.2:
    resolution: {integrity: sha512-lc6npv5PH7hVqozBR7lkBNOGXV9vMwROAPlumdBkX0wTbbzPu/U1hk5yL8p2pt4Xoc+2mkT8t/sow2YrV/M5qg==}
    engines: {node: '>=14'}
    hasBin: true

  turbo-darwin-64@2.6.2:
    resolution: {integrity: sha512-nF9d/YAyrNkyXn9lp3ZtgXPb7fZsik3cUNe/sBvUO0G5YezUS/kDYYw77IdjizDzairz8pL2ITCTUreG2d5iZQ==}
    cpu: [x64]
    os: [darwin]

  turbo-darwin-arm64@2.6.2:
    resolution: {integrity: sha512-mmm0jFaVramST26XE1Lk2qjkjvLJHOe9f3TFjqY+aByjMK/ZmKE5WFPuCWo4L3xhwx+16T37rdPP//76loB3oA==}
    cpu: [arm64]
    os: [darwin]

  turbo-linux-64@2.6.2:
    resolution: {integrity: sha512-IUMHjkVRJDUABGpi+iS1Le59aOl5DX88U5UT/mKaE7nNEjG465+a8UtYno56cZnLP+C6BkX4I93LFgYf9syjGQ==}
    cpu: [x64]
    os: [linux]

  turbo-linux-arm64@2.6.2:
    resolution: {integrity: sha512-0qQdZiimMUZj2Gfq87thYu0E02NaNcsB3lcEK/TD70Zzi7AxQoxye664Gis0Uao2j2L9/+05wC2btZ7SoFX3Gw==}
    cpu: [arm64]
    os: [linux]

  turbo-windows-64@2.6.2:
    resolution: {integrity: sha512-BmMfFmt0VaoZL4NbtDq/dzGfjHsPoGU2+vFiZtkiYsttHY3fd/Dmgnu9PuRyJN1pv2M22q88rXO+dqYRHztLMw==}
    cpu: [x64]
    os: [win32]

  turbo-windows-arm64@2.6.2:
    resolution: {integrity: sha512-0r4s4M/FgLxfjrdLPdqQUur8vZAtaWEi4jhkQ6wCIN2xzA9aee9IKwM53w7CQcjaLvWhT0AU7LTQHjFaHwxiKw==}
    cpu: [arm64]
    os: [win32]

  turbo@2.6.2:
    resolution: {integrity: sha512-LiQAFS6iWvnY8ViGtoPgduWBeuGH9B32XR4p8H8jxU5PudwyHiiyf1jQW0fCC8gCCTz9itkIbqZLIyUu5AG33w==}
    hasBin: true

snapshots:

  prettier@3.5.2: {}

  turbo-darwin-64@2.6.2:
    optional: true

  turbo-darwin-arm64@2.6.2:
    optional: true

  turbo-linux-64@2.6.2:
    optional: true

  turbo-linux-arm64@2.6.2:
    optional: true

  turbo-windows-64@2.6.2:
    optional: true

  turbo-windows-arm64@2.6.2:
    optional: true

  turbo@2.6.2:
    optionalDependencies:
      turbo-darwin-64: 2.6.2
      turbo-darwin-arm64: 2.6.2
      turbo-linux-64: 2.6.2
      turbo-linux-arm64: 2.6.2
      turbo-windows-64: 2.6.2
      turbo-windows-arm64: 2.6.2
